{
  "name": "terra",
  "version": "1.0.0",
  "lockfileVersion": 1,
  "requires": true,
  "dependencies": {
    "gScript2019": {
      "version": "git+https://github.com/Ehawk82/gScript2019.git#eeb92168d0903765002ef1c93f915de27c652f0a",
      "from": "git+https://github.com/Ehawk82/gScript2019.git",
      "dev": true
    }
  }
}
